version: 1

repositories:
  firmware:
    path: firmware
    url: https://github.com/TissyBoxC/sprout-firmware.git
    branch: main
    revision: 4cee6385ad7c6b74d2a8ef7e243523dfd1d652d7

  sub2api_fork:
    path: services/sub2api_fork
    url: https://github.com/TissyBoxC/sprout-sub2api-fork.git
    branch: main
    revision: 00bd9edf13afec3d216fa96289718d0699553515

upstreams:
  sub2api:
    url: https://github.com/Wei-Shaw/sub2api.git
