version: 1

repositories:
  firmware:
    path: firmware
    url: https://github.com/TissyBoxC/sprout-firmware.git
    branch: main
    revision: 97c3b802998a28f30c0adcc4783b1be7b7a0d9a9

  sub2api_fork:
    path: services/sub2api_fork
    url: https://github.com/TissyBoxC/sprout-sub2api-fork.git
    branch: main
    revision: 00bd9edf13afec3d216fa96289718d0699553515

upstreams:
  sub2api:
    url: https://github.com/Wei-Shaw/sub2api.git
